
Microsoft Visual Studio Solution File, Format Version 12.00
# Visual Studio Version 16
VisualStudioVersion = 16.0.29215.179
MinimumVisualStudioVersion = 10.0.40219.1
Project("{FAE04EC0-301F-11D3-BF4B-00C04F79EFBC}") = "Detour", "Detour\Detour.csproj", "{28C4BE79-1E56-4960-AFE8-91A7A776426E}"
EndProject
Project("{9A19103F-16F7-4668-BE54-9A1E7A4F7556}") = "DetourCore", "DetourCore\DetourCore.csproj", "{F542BF90-AFC2-4F71-848A-21F0E55FF7B5}"
EndProject
Project("{8BC9CEB8-8B4A-11D0-8D11-00A0C91BC942}") = "cllesstag", "clLessTag\cllesstag.vcxproj", "{A74D995B-A284-4E55-BF96-DA3CCCB2E9F8}"
EndProject
Project("{8BC9CEB8-8B4A-11D0-8D11-00A0C91BC942}") = "regcore_cuda", "regcore_cuda\regcore_cuda.vcxproj", "{CF725235-B40D-4AD4-9213-D3D4714F841E}"
EndProject
Project("{2150E333-8FDC-42A3-9474-1A3956D46DE8}") = "acceleration", "acceleration", "{53824164-5F46-4C80-8984-3D8DD5766C2D}"
EndProject
Project("{FAE04EC0-301F-11D3-BF4B-00C04F79EFBC}") = "Detour3D", "Detour3D\Detour3D.csproj", "{362FECF4-7F10-40D3-A157-3A83C1053B1F}"
EndProject
Project("{9A19103F-16F7-4668-BE54-9A1E7A4F7556}") = "DetourLite", "DetourLite\DetourLite.csproj", "{DF68BA12-6CB4-4CEB-BE64-219774F6369E}"
EndProject
Project("{FAE04EC0-301F-11D3-BF4B-00C04F79EFBC}") = "ThreeCs", "ThreeCs\ThreeCs.csproj", "{62FAB8F3-CCE0-43CF-9A11-1D54D0C7E9E9}"
EndProject
Project("{FAE04EC0-301F-11D3-BF4B-00C04F79EFBC}") = "DViz", "DViz\DViz.csproj", "{62A6B429-BFEC-4F56-A4E0-168D15898778}"
EndProject
Global
	GlobalSection(SolutionConfigurationPlatforms) = preSolution
		AlgoTest|Any CPU = AlgoTest|Any CPU
		AlgoTest|x64 = AlgoTest|x64
		AlgoTest|x86 = AlgoTest|x86
		Debug|Any CPU = Debug|Any CPU
		Debug|x64 = Debug|x64
		Debug|x86 = Debug|x86
		Release|Any CPU = Release|Any CPU
		Release|x64 = Release|x64
		Release|x86 = Release|x86
		test|Any CPU = test|Any CPU
		test|x64 = test|x64
		test|x86 = test|x86
	EndGlobalSection
	GlobalSection(ProjectConfigurationPlatforms) = postSolution
		{28C4BE79-1E56-4960-AFE8-91A7A776426E}.AlgoTest|Any CPU.ActiveCfg = Debug|Any CPU
		{28C4BE79-1E56-4960-AFE8-91A7A776426E}.AlgoTest|Any CPU.Build.0 = Debug|Any CPU
		{28C4BE79-1E56-4960-AFE8-91A7A776426E}.AlgoTest|x64.ActiveCfg = Release|x64
		{28C4BE79-1E56-4960-AFE8-91A7A776426E}.AlgoTest|x64.Build.0 = Release|x64
		{28C4BE79-1E56-4960-AFE8-91A7A776426E}.AlgoTest|x86.ActiveCfg = Release|x86
		{28C4BE79-1E56-4960-AFE8-91A7A776426E}.AlgoTest|x86.Build.0 = Release|x86
		{28C4BE79-1E56-4960-AFE8-91A7A776426E}.Debug|Any CPU.ActiveCfg = Debug|Any CPU
		{28C4BE79-1E56-4960-AFE8-91A7A776426E}.Debug|Any CPU.Build.0 = Debug|Any CPU
		{28C4BE79-1E56-4960-AFE8-91A7A776426E}.Debug|x64.ActiveCfg = Debug|x64
		{28C4BE79-1E56-4960-AFE8-91A7A776426E}.Debug|x64.Build.0 = Debug|x64
		{28C4BE79-1E56-4960-AFE8-91A7A776426E}.Debug|x86.ActiveCfg = Debug|x86
		{28C4BE79-1E56-4960-AFE8-91A7A776426E}.Debug|x86.Build.0 = Debug|x86
		{28C4BE79-1E56-4960-AFE8-91A7A776426E}.Release|Any CPU.ActiveCfg = Release|Any CPU
		{28C4BE79-1E56-4960-AFE8-91A7A776426E}.Release|Any CPU.Build.0 = Release|Any CPU
		{28C4BE79-1E56-4960-AFE8-91A7A776426E}.Release|x64.ActiveCfg = Release|x64
		{28C4BE79-1E56-4960-AFE8-91A7A776426E}.Release|x64.Build.0 = Release|x64
		{28C4BE79-1E56-4960-AFE8-91A7A776426E}.Release|x86.ActiveCfg = Release|x86
		{28C4BE79-1E56-4960-AFE8-91A7A776426E}.Release|x86.Build.0 = Release|x86
		{28C4BE79-1E56-4960-AFE8-91A7A776426E}.test|Any CPU.ActiveCfg = Debug|Any CPU
		{28C4BE79-1E56-4960-AFE8-91A7A776426E}.test|Any CPU.Build.0 = Debug|Any CPU
		{28C4BE79-1E56-4960-AFE8-91A7A776426E}.test|x64.ActiveCfg = Debug|x64
		{28C4BE79-1E56-4960-AFE8-91A7A776426E}.test|x64.Build.0 = Debug|x64
		{28C4BE79-1E56-4960-AFE8-91A7A776426E}.test|x86.ActiveCfg = Release|x86
		{28C4BE79-1E56-4960-AFE8-91A7A776426E}.test|x86.Build.0 = Release|x86
		{F542BF90-AFC2-4F71-848A-21F0E55FF7B5}.AlgoTest|Any CPU.ActiveCfg = Release|Any CPU
		{F542BF90-AFC2-4F71-848A-21F0E55FF7B5}.AlgoTest|Any CPU.Build.0 = Release|Any CPU
		{F542BF90-AFC2-4F71-848A-21F0E55FF7B5}.AlgoTest|x64.ActiveCfg = Release|x64
		{F542BF90-AFC2-4F71-848A-21F0E55FF7B5}.AlgoTest|x64.Build.0 = Release|x64
		{F542BF90-AFC2-4F71-848A-21F0E55FF7B5}.AlgoTest|x86.ActiveCfg = Release|x86
		{F542BF90-AFC2-4F71-848A-21F0E55FF7B5}.AlgoTest|x86.Build.0 = Release|x86
		{F542BF90-AFC2-4F71-848A-21F0E55FF7B5}.Debug|Any CPU.ActiveCfg = Debug|Any CPU
		{F542BF90-AFC2-4F71-848A-21F0E55FF7B5}.Debug|Any CPU.Build.0 = Debug|Any CPU
		{F542BF90-AFC2-4F71-848A-21F0E55FF7B5}.Debug|x64.ActiveCfg = Debug|Any CPU
		{F542BF90-AFC2-4F71-848A-21F0E55FF7B5}.Debug|x64.Build.0 = Debug|Any CPU
		{F542BF90-AFC2-4F71-848A-21F0E55FF7B5}.Debug|x86.ActiveCfg = Debug|x86
		{F542BF90-AFC2-4F71-848A-21F0E55FF7B5}.Debug|x86.Build.0 = Debug|x86
		{F542BF90-AFC2-4F71-848A-21F0E55FF7B5}.Release|Any CPU.ActiveCfg = Release|Any CPU
		{F542BF90-AFC2-4F71-848A-21F0E55FF7B5}.Release|Any CPU.Build.0 = Release|Any CPU
		{F542BF90-AFC2-4F71-848A-21F0E55FF7B5}.Release|x64.ActiveCfg = Release|Any CPU
		{F542BF90-AFC2-4F71-848A-21F0E55FF7B5}.Release|x64.Build.0 = Release|Any CPU
		{F542BF90-AFC2-4F71-848A-21F0E55FF7B5}.Release|x86.ActiveCfg = Release|x86
		{F542BF90-AFC2-4F71-848A-21F0E55FF7B5}.Release|x86.Build.0 = Release|x86
		{F542BF90-AFC2-4F71-848A-21F0E55FF7B5}.test|Any CPU.ActiveCfg = Release|Any CPU
		{F542BF90-AFC2-4F71-848A-21F0E55FF7B5}.test|Any CPU.Build.0 = Release|Any CPU
		{F542BF90-AFC2-4F71-848A-21F0E55FF7B5}.test|x64.ActiveCfg = Debug|x64
		{F542BF90-AFC2-4F71-848A-21F0E55FF7B5}.test|x64.Build.0 = Debug|x64
		{F542BF90-AFC2-4F71-848A-21F0E55FF7B5}.test|x86.ActiveCfg = Release|x86
		{F542BF90-AFC2-4F71-848A-21F0E55FF7B5}.test|x86.Build.0 = Release|x86
		{A74D995B-A284-4E55-BF96-DA3CCCB2E9F8}.AlgoTest|Any CPU.ActiveCfg = AlgoTest|Win32
		{A74D995B-A284-4E55-BF96-DA3CCCB2E9F8}.AlgoTest|x64.ActiveCfg = AlgoTest|x64
		{A74D995B-A284-4E55-BF96-DA3CCCB2E9F8}.AlgoTest|x64.Build.0 = AlgoTest|x64
		{A74D995B-A284-4E55-BF96-DA3CCCB2E9F8}.AlgoTest|x86.ActiveCfg = AlgoTest|Win32
		{A74D995B-A284-4E55-BF96-DA3CCCB2E9F8}.AlgoTest|x86.Build.0 = AlgoTest|Win32
		{A74D995B-A284-4E55-BF96-DA3CCCB2E9F8}.Debug|Any CPU.ActiveCfg = Debug|Win32
		{A74D995B-A284-4E55-BF96-DA3CCCB2E9F8}.Debug|x64.ActiveCfg = Release|x64
		{A74D995B-A284-4E55-BF96-DA3CCCB2E9F8}.Debug|x64.Build.0 = Release|x64
		{A74D995B-A284-4E55-BF96-DA3CCCB2E9F8}.Debug|x86.ActiveCfg = Debug|Win32
		{A74D995B-A284-4E55-BF96-DA3CCCB2E9F8}.Debug|x86.Build.0 = Debug|Win32
		{A74D995B-A284-4E55-BF96-DA3CCCB2E9F8}.Release|Any CPU.ActiveCfg = Release|Win32
		{A74D995B-A284-4E55-BF96-DA3CCCB2E9F8}.Release|x64.ActiveCfg = Release|x64
		{A74D995B-A284-4E55-BF96-DA3CCCB2E9F8}.Release|x64.Build.0 = Release|x64
		{A74D995B-A284-4E55-BF96-DA3CCCB2E9F8}.Release|x86.ActiveCfg = Release|Win32
		{A74D995B-A284-4E55-BF96-DA3CCCB2E9F8}.Release|x86.Build.0 = Release|Win32
		{A74D995B-A284-4E55-BF96-DA3CCCB2E9F8}.test|Any CPU.ActiveCfg = Debug|x64
		{A74D995B-A284-4E55-BF96-DA3CCCB2E9F8}.test|Any CPU.Build.0 = Debug|x64
		{A74D995B-A284-4E55-BF96-DA3CCCB2E9F8}.test|x64.ActiveCfg = Debug|x64
		{A74D995B-A284-4E55-BF96-DA3CCCB2E9F8}.test|x64.Build.0 = Debug|x64
		{A74D995B-A284-4E55-BF96-DA3CCCB2E9F8}.test|x86.ActiveCfg = Release|Win32
		{A74D995B-A284-4E55-BF96-DA3CCCB2E9F8}.test|x86.Build.0 = Release|Win32
		{CF725235-B40D-4AD4-9213-D3D4714F841E}.AlgoTest|Any CPU.ActiveCfg = Debug|x64
		{CF725235-B40D-4AD4-9213-D3D4714F841E}.AlgoTest|Any CPU.Build.0 = Debug|x64
		{CF725235-B40D-4AD4-9213-D3D4714F841E}.AlgoTest|x64.ActiveCfg = test|x64
		{CF725235-B40D-4AD4-9213-D3D4714F841E}.AlgoTest|x64.Build.0 = test|x64
		{CF725235-B40D-4AD4-9213-D3D4714F841E}.AlgoTest|x86.ActiveCfg = test|x64
		{CF725235-B40D-4AD4-9213-D3D4714F841E}.AlgoTest|x86.Build.0 = test|x64
		{CF725235-B40D-4AD4-9213-D3D4714F841E}.Debug|Any CPU.ActiveCfg = Debug|x64
		{CF725235-B40D-4AD4-9213-D3D4714F841E}.Debug|x64.ActiveCfg = Release|x64
		{CF725235-B40D-4AD4-9213-D3D4714F841E}.Debug|x64.Build.0 = Release|x64
		{CF725235-B40D-4AD4-9213-D3D4714F841E}.Debug|x86.ActiveCfg = Debug|x64
		{CF725235-B40D-4AD4-9213-D3D4714F841E}.Release|Any CPU.ActiveCfg = Release|x64
		{CF725235-B40D-4AD4-9213-D3D4714F841E}.Release|x64.ActiveCfg = Release|x64
		{CF725235-B40D-4AD4-9213-D3D4714F841E}.Release|x64.Build.0 = Release|x64
		{CF725235-B40D-4AD4-9213-D3D4714F841E}.Release|x86.ActiveCfg = Release|x64
		{CF725235-B40D-4AD4-9213-D3D4714F841E}.test|Any CPU.ActiveCfg = test|x64
		{CF725235-B40D-4AD4-9213-D3D4714F841E}.test|x64.ActiveCfg = test|x64
		{CF725235-B40D-4AD4-9213-D3D4714F841E}.test|x64.Build.0 = test|x64
		{CF725235-B40D-4AD4-9213-D3D4714F841E}.test|x86.ActiveCfg = test|x64
		{362FECF4-7F10-40D3-A157-3A83C1053B1F}.AlgoTest|Any CPU.ActiveCfg = Release|x64
		{362FECF4-7F10-40D3-A157-3A83C1053B1F}.AlgoTest|Any CPU.Build.0 = Release|x64
		{362FECF4-7F10-40D3-A157-3A83C1053B1F}.AlgoTest|x64.ActiveCfg = Debug|x64
		{362FECF4-7F10-40D3-A157-3A83C1053B1F}.AlgoTest|x64.Build.0 = Debug|x64
		{362FECF4-7F10-40D3-A157-3A83C1053B1F}.AlgoTest|x86.ActiveCfg = Debug|x64
		{362FECF4-7F10-40D3-A157-3A83C1053B1F}.AlgoTest|x86.Build.0 = Debug|x64
		{362FECF4-7F10-40D3-A157-3A83C1053B1F}.Debug|Any CPU.ActiveCfg = Debug|x64
		{362FECF4-7F10-40D3-A157-3A83C1053B1F}.Debug|x64.ActiveCfg = Debug|x64
		{362FECF4-7F10-40D3-A157-3A83C1053B1F}.Debug|x64.Build.0 = Debug|x64
		{362FECF4-7F10-40D3-A157-3A83C1053B1F}.Debug|x86.ActiveCfg = Debug|x64
		{362FECF4-7F10-40D3-A157-3A83C1053B1F}.Release|Any CPU.ActiveCfg = Release|x64
		{362FECF4-7F10-40D3-A157-3A83C1053B1F}.Release|x64.ActiveCfg = Release|x64
		{362FECF4-7F10-40D3-A157-3A83C1053B1F}.Release|x64.Build.0 = Release|x64
		{362FECF4-7F10-40D3-A157-3A83C1053B1F}.Release|x86.ActiveCfg = Release|x64
		{362FECF4-7F10-40D3-A157-3A83C1053B1F}.test|Any CPU.ActiveCfg = Release|x64
		{362FECF4-7F10-40D3-A157-3A83C1053B1F}.test|Any CPU.Build.0 = Release|x64
		{362FECF4-7F10-40D3-A157-3A83C1053B1F}.test|x64.ActiveCfg = Debug|x64
		{362FECF4-7F10-40D3-A157-3A83C1053B1F}.test|x64.Build.0 = Debug|x64
		{362FECF4-7F10-40D3-A157-3A83C1053B1F}.test|x86.ActiveCfg = Debug|x64
		{362FECF4-7F10-40D3-A157-3A83C1053B1F}.test|x86.Build.0 = Debug|x64
		{DF68BA12-6CB4-4CEB-BE64-219774F6369E}.AlgoTest|Any CPU.ActiveCfg = Release|Any CPU
		{DF68BA12-6CB4-4CEB-BE64-219774F6369E}.AlgoTest|Any CPU.Build.0 = Release|Any CPU
		{DF68BA12-6CB4-4CEB-BE64-219774F6369E}.AlgoTest|x64.ActiveCfg = Debug|Any CPU
		{DF68BA12-6CB4-4CEB-BE64-219774F6369E}.AlgoTest|x64.Build.0 = Debug|Any CPU
		{DF68BA12-6CB4-4CEB-BE64-219774F6369E}.AlgoTest|x86.ActiveCfg = Debug|Any CPU
		{DF68BA12-6CB4-4CEB-BE64-219774F6369E}.AlgoTest|x86.Build.0 = Debug|Any CPU
		{DF68BA12-6CB4-4CEB-BE64-219774F6369E}.Debug|Any CPU.ActiveCfg = Debug|Any CPU
		{DF68BA12-6CB4-4CEB-BE64-219774F6369E}.Debug|Any CPU.Build.0 = Debug|Any CPU
		{DF68BA12-6CB4-4CEB-BE64-219774F6369E}.Debug|x64.ActiveCfg = Debug|Any CPU
		{DF68BA12-6CB4-4CEB-BE64-219774F6369E}.Debug|x64.Build.0 = Debug|Any CPU
		{DF68BA12-6CB4-4CEB-BE64-219774F6369E}.Debug|x86.ActiveCfg = Debug|Any CPU
		{DF68BA12-6CB4-4CEB-BE64-219774F6369E}.Debug|x86.Build.0 = Debug|Any CPU
		{DF68BA12-6CB4-4CEB-BE64-219774F6369E}.Release|Any CPU.ActiveCfg = Release|Any CPU
		{DF68BA12-6CB4-4CEB-BE64-219774F6369E}.Release|Any CPU.Build.0 = Release|Any CPU
		{DF68BA12-6CB4-4CEB-BE64-219774F6369E}.Release|x64.ActiveCfg = Release|Any CPU
		{DF68BA12-6CB4-4CEB-BE64-219774F6369E}.Release|x64.Build.0 = Release|Any CPU
		{DF68BA12-6CB4-4CEB-BE64-219774F6369E}.Release|x86.ActiveCfg = Release|Any CPU
		{DF68BA12-6CB4-4CEB-BE64-219774F6369E}.Release|x86.Build.0 = Release|Any CPU
		{DF68BA12-6CB4-4CEB-BE64-219774F6369E}.test|Any CPU.ActiveCfg = Release|Any CPU
		{DF68BA12-6CB4-4CEB-BE64-219774F6369E}.test|Any CPU.Build.0 = Release|Any CPU
		{DF68BA12-6CB4-4CEB-BE64-219774F6369E}.test|x64.ActiveCfg = Debug|Any CPU
		{DF68BA12-6CB4-4CEB-BE64-219774F6369E}.test|x64.Build.0 = Debug|Any CPU
		{DF68BA12-6CB4-4CEB-BE64-219774F6369E}.test|x86.ActiveCfg = Debug|Any CPU
		{DF68BA12-6CB4-4CEB-BE64-219774F6369E}.test|x86.Build.0 = Debug|Any CPU
		{62FAB8F3-CCE0-43CF-9A11-1D54D0C7E9E9}.AlgoTest|Any CPU.ActiveCfg = Release|Any CPU
		{62FAB8F3-CCE0-43CF-9A11-1D54D0C7E9E9}.AlgoTest|Any CPU.Build.0 = Release|Any CPU
		{62FAB8F3-CCE0-43CF-9A11-1D54D0C7E9E9}.AlgoTest|x64.ActiveCfg = Debug|Any CPU
		{62FAB8F3-CCE0-43CF-9A11-1D54D0C7E9E9}.AlgoTest|x64.Build.0 = Debug|Any CPU
		{62FAB8F3-CCE0-43CF-9A11-1D54D0C7E9E9}.AlgoTest|x86.ActiveCfg = Debug|Any CPU
		{62FAB8F3-CCE0-43CF-9A11-1D54D0C7E9E9}.AlgoTest|x86.Build.0 = Debug|Any CPU
		{62FAB8F3-CCE0-43CF-9A11-1D54D0C7E9E9}.Debug|Any CPU.ActiveCfg = Debug|Any CPU
		{62FAB8F3-CCE0-43CF-9A11-1D54D0C7E9E9}.Debug|Any CPU.Build.0 = Debug|Any CPU
		{62FAB8F3-CCE0-43CF-9A11-1D54D0C7E9E9}.Debug|x64.ActiveCfg = Debug|Any CPU
		{62FAB8F3-CCE0-43CF-9A11-1D54D0C7E9E9}.Debug|x64.Build.0 = Debug|Any CPU
		{62FAB8F3-CCE0-43CF-9A11-1D54D0C7E9E9}.Debug|x86.ActiveCfg = Debug|Any CPU
		{62FAB8F3-CCE0-43CF-9A11-1D54D0C7E9E9}.Debug|x86.Build.0 = Debug|Any CPU
		{62FAB8F3-CCE0-43CF-9A11-1D54D0C7E9E9}.Release|Any CPU.ActiveCfg = Release|Any CPU
		{62FAB8F3-CCE0-43CF-9A11-1D54D0C7E9E9}.Release|Any CPU.Build.0 = Release|Any CPU
		{62FAB8F3-CCE0-43CF-9A11-1D54D0C7E9E9}.Release|x64.ActiveCfg = Release|Any CPU
		{62FAB8F3-CCE0-43CF-9A11-1D54D0C7E9E9}.Release|x64.Build.0 = Release|Any CPU
		{62FAB8F3-CCE0-43CF-9A11-1D54D0C7E9E9}.Release|x86.ActiveCfg = Release|Any CPU
		{62FAB8F3-CCE0-43CF-9A11-1D54D0C7E9E9}.Release|x86.Build.0 = Release|Any CPU
		{62FAB8F3-CCE0-43CF-9A11-1D54D0C7E9E9}.test|Any CPU.ActiveCfg = Release|Any CPU
		{62FAB8F3-CCE0-43CF-9A11-1D54D0C7E9E9}.test|Any CPU.Build.0 = Release|Any CPU
		{62FAB8F3-CCE0-43CF-9A11-1D54D0C7E9E9}.test|x64.ActiveCfg = Debug|Any CPU
		{62FAB8F3-CCE0-43CF-9A11-1D54D0C7E9E9}.test|x64.Build.0 = Debug|Any CPU
		{62FAB8F3-CCE0-43CF-9A11-1D54D0C7E9E9}.test|x86.ActiveCfg = Debug|Any CPU
		{62FAB8F3-CCE0-43CF-9A11-1D54D0C7E9E9}.test|x86.Build.0 = Debug|Any CPU
		{62A6B429-BFEC-4F56-A4E0-168D15898778}.AlgoTest|Any CPU.ActiveCfg = Debug|Any CPU
		{62A6B429-BFEC-4F56-A4E0-168D15898778}.AlgoTest|Any CPU.Build.0 = Debug|Any CPU
		{62A6B429-BFEC-4F56-A4E0-168D15898778}.AlgoTest|x64.ActiveCfg = Debug|x64
		{62A6B429-BFEC-4F56-A4E0-168D15898778}.AlgoTest|x64.Build.0 = Debug|x64
		{62A6B429-BFEC-4F56-A4E0-168D15898778}.AlgoTest|x86.ActiveCfg = Debug|x86
		{62A6B429-BFEC-4F56-A4E0-168D15898778}.AlgoTest|x86.Build.0 = Debug|x86
		{62A6B429-BFEC-4F56-A4E0-168D15898778}.Debug|Any CPU.ActiveCfg = Debug|Any CPU
		{62A6B429-BFEC-4F56-A4E0-168D15898778}.Debug|Any CPU.Build.0 = Debug|Any CPU
		{62A6B429-BFEC-4F56-A4E0-168D15898778}.Debug|x64.ActiveCfg = Debug|x64
		{62A6B429-BFEC-4F56-A4E0-168D15898778}.Debug|x64.Build.0 = Debug|x64
		{62A6B429-BFEC-4F56-A4E0-168D15898778}.Debug|x86.ActiveCfg = Debug|x86
		{62A6B429-BFEC-4F56-A4E0-168D15898778}.Debug|x86.Build.0 = Debug|x86
		{62A6B429-BFEC-4F56-A4E0-168D15898778}.Release|Any CPU.ActiveCfg = Release|Any CPU
		{62A6B429-BFEC-4F56-A4E0-168D15898778}.Release|Any CPU.Build.0 = Release|Any CPU
		{62A6B429-BFEC-4F56-A4E0-168D15898778}.Release|x64.ActiveCfg = Release|x64
		{62A6B429-BFEC-4F56-A4E0-168D15898778}.Release|x64.Build.0 = Release|x64
		{62A6B429-BFEC-4F56-A4E0-168D15898778}.Release|x86.ActiveCfg = Release|x86
		{62A6B429-BFEC-4F56-A4E0-168D15898778}.Release|x86.Build.0 = Release|x86
		{62A6B429-BFEC-4F56-A4E0-168D15898778}.test|Any CPU.ActiveCfg = Debug|Any CPU
		{62A6B429-BFEC-4F56-A4E0-168D15898778}.test|Any CPU.Build.0 = Debug|Any CPU
		{62A6B429-BFEC-4F56-A4E0-168D15898778}.test|x64.ActiveCfg = Debug|x64
		{62A6B429-BFEC-4F56-A4E0-168D15898778}.test|x64.Build.0 = Debug|x64
		{62A6B429-BFEC-4F56-A4E0-168D15898778}.test|x86.ActiveCfg = Debug|x86
		{62A6B429-BFEC-4F56-A4E0-168D15898778}.test|x86.Build.0 = Debug|x86
	EndGlobalSection
	GlobalSection(SolutionProperties) = preSolution
		HideSolutionNode = FALSE
	EndGlobalSection
	GlobalSection(NestedProjects) = preSolution
		{A74D995B-A284-4E55-BF96-DA3CCCB2E9F8} = {53824164-5F46-4C80-8984-3D8DD5766C2D}
		{CF725235-B40D-4AD4-9213-D3D4714F841E} = {53824164-5F46-4C80-8984-3D8DD5766C2D}
	EndGlobalSection
	GlobalSection(ExtensibilityGlobals) = postSolution
		SolutionGuid = {E7E69AA6-7726-403E-A237-76A03E5751E4}
	EndGlobalSection
EndGlobal
